// !$*UTF8*$!
{
	archiveVersion = 1;
	classes = {
	};
	objectVersion = 50;
	objects = {

/* Begin PBXBuildFile section */
		3104DDD4212F0F6E0060A003 /* KepElements.swift in Sources */ = {isa = PBXBuildFile; fileRef = 3104DDD3212F0F6E0060A003 /* KepElements.swift */; };
		3104DDD7212F0FD80060A003 /* kepcart.c in Sources */ = {isa = PBXBuildFile; fileRef = 3104DDD6212F0FD80060A003 /* kepcart.c */; };
		3126FDF1213AE06C0051A82E /* DE_Ephemeris.bin in Resources */ = {isa = PBXBuildFile; fileRef = 3126FDF0213AE06C0051A82E /* DE_Ephemeris.bin */; };
		31779E59212F5BDB005752BC /* Spherical.swift in Sources */ = {isa = PBXBuildFile; fileRef = 31779E58212F5BDB005752BC /* Spherical.swift */; };
		31779E79212FDFA5005752BC /* CLLocation+Transform.swift in Sources */ = {isa = PBXBuildFile; fileRef = 31779E5C212FDFA5005752BC /* CLLocation+Transform.swift */; };
		31779E7A212FDFA5005752BC /* JulianDay.swift in Sources */ = {isa = PBXBuildFile; fileRef = 31779E5D212FDFA5005752BC /* JulianDay.swift */; };
		31779E7B212FDFA5005752BC /* EclipticUtil.swift in Sources */ = {isa = PBXBuildFile; fileRef = 31779E5E212FDFA5005752BC /* EclipticUtil.swift */; };
		31779E7C212FDFA5005752BC /* EclipticCoordinate.swift in Sources */ = {isa = PBXBuildFile; fileRef = 31779E60212FDFA5005752BC /* EclipticCoordinate.swift */; };
		31779E7D212FDFA5005752BC /* HorizontalCoordinate.swift in Sources */ = {isa = PBXBuildFile; fileRef = 31779E61212FDFA5005752BC /* HorizontalCoordinate.swift */; };
		31779E7E212FDFA5005752BC /* LocationAndTime.swift in Sources */ = {isa = PBXBuildFile; fileRef = 31779E62212FDFA5005752BC /* LocationAndTime.swift */; };
		31779E7F212FDFA5005752BC /* Info.plist in Resources */ = {isa = PBXBuildFile; fileRef = 31779E63212FDFA5005752BC /* Info.plist */; };
		31779E80212FDFA5005752BC /* EquatorialCoordinate.swift in Sources */ = {isa = PBXBuildFile; fileRef = 31779E64212FDFA5005752BC /* EquatorialCoordinate.swift */; };
		31779E81212FDFA5005752BC /* SiderealTime.swift in Sources */ = {isa = PBXBuildFile; fileRef = 31779E65212FDFA5005752BC /* SiderealTime.swift */; };
		31779E82212FDFA5005752BC /* CGVector+Util.swift in Sources */ = {isa = PBXBuildFile; fileRef = 31779E67212FDFA5005752BC /* CGVector+Util.swift */; };
		31779E83212FDFA5005752BC /* AngleMath.swift in Sources */ = {isa = PBXBuildFile; fileRef = 31779E68212FDFA5005752BC /* AngleMath.swift */; };
		31779E84212FDFA5005752BC /* Angle.swift in Sources */ = {isa = PBXBuildFile; fileRef = 31779E69212FDFA5005752BC /* Angle.swift */; };
		31779E85212FDFA5005752BC /* SphericalMath.swift in Sources */ = {isa = PBXBuildFile; fileRef = 31779E6A212FDFA5005752BC /* SphericalMath.swift */; };
		31779E86212FDFA5005752BC /* CompoundAngle.swift in Sources */ = {isa = PBXBuildFile; fileRef = 31779E6B212FDFA5005752BC /* CompoundAngle.swift */; };
		31779E87212FDFA5005752BC /* Easing.swift in Sources */ = {isa = PBXBuildFile; fileRef = 31779E6C212FDFA5005752BC /* Easing.swift */; };
		31779E89212FDFA5005752BC /* CompoundUnit.swift in Sources */ = {isa = PBXBuildFile; fileRef = 31779E6E212FDFA5005752BC /* CompoundUnit.swift */; };
		31779E8A212FDFA5005752BC /* Double+Util.swift in Sources */ = {isa = PBXBuildFile; fileRef = 31779E6F212FDFA5005752BC /* Double+Util.swift */; };
		31779E8B212FDFA5005752BC /* Intersection.swift in Sources */ = {isa = PBXBuildFile; fileRef = 31779E70212FDFA5005752BC /* Intersection.swift */; };
		31779E8C212FDFA5005752BC /* DegreeAngle.swift in Sources */ = {isa = PBXBuildFile; fileRef = 31779E71212FDFA5005752BC /* DegreeAngle.swift */; };
		31779E8D212FDFA5005752BC /* VectorMath.swift in Sources */ = {isa = PBXBuildFile; fileRef = 31779E72212FDFA5005752BC /* VectorMath.swift */; };
		31779E8E212FDFA5005752BC /* HourAngle.swift in Sources */ = {isa = PBXBuildFile; fileRef = 31779E73212FDFA5005752BC /* HourAngle.swift */; };
		31779E8F212FDFA5005752BC /* RadianAngle.swift in Sources */ = {isa = PBXBuildFile; fileRef = 31779E75212FDFA5005752BC /* RadianAngle.swift */; };
		31779E92212FDFA5005752BC /* Info.plist in Resources */ = {isa = PBXBuildFile; fileRef = 31779E78212FDFA5005752BC /* Info.plist */; };
		31779E9E21320EBB005752BC /* Chebyshev.swift in Sources */ = {isa = PBXBuildFile; fileRef = 31779E9D21320EBB005752BC /* Chebyshev.swift */; };
		31779EA021320ECB005752BC /* ChebyshevCalc.swift in Sources */ = {isa = PBXBuildFile; fileRef = 31779E9F21320ECB005752BC /* ChebyshevCalc.swift */; };
		31779EA52133F464005752BC /* Elements.swift in Sources */ = {isa = PBXBuildFile; fileRef = 31779EA42133F464005752BC /* Elements.swift */; };
		31779EA721342EB5005752BC /* Coeff.swift in Sources */ = {isa = PBXBuildFile; fileRef = 31779EA621342EB5005752BC /* Coeff.swift */; };
		317B14A9213815E300BEB89F /* AstDys2.swift in Sources */ = {isa = PBXBuildFile; fileRef = 317B14A8213815E300BEB89F /* AstDys2.swift */; };
		31D59A28211DC7050071D3CE /* a.swift in Sources */ = {isa = PBXBuildFile; fileRef = 31D59A27211DC7050071D3CE /* a.swift */; };
		31D59A2A211DC7050071D3CE /* ViewController.swift in Sources */ = {isa = PBXBuildFile; fileRef = 31D59A29211DC7050071D3CE /* ViewController.swift */; };
		31D59A2C211DC7060071D3CE /* Assets.xcassets in Resources */ = {isa = PBXBuildFile; fileRef = 31D59A2B211DC7060071D3CE /* Assets.xcassets */; };
		31D59A2F211DC7060071D3CE /* Main.storyboard in Resources */ = {isa = PBXBuildFile; fileRef = 31D59A2D211DC7060071D3CE /* Main.storyboard */; };
		31D59A3B211DC7070071D3CE /* OccultTests.swift in Sources */ = {isa = PBXBuildFile; fileRef = 31D59A3A211DC7070071D3CE /* OccultTests.swift */; };
		31D59A46211DC7070071D3CE /* OccultUITests.swift in Sources */ = {isa = PBXBuildFile; fileRef = 31D59A45211DC7070071D3CE /* OccultUITests.swift */; };
		31D59A56211DD2830071D3CE /* StreamReader.swift in Sources */ = {isa = PBXBuildFile; fileRef = 31D59A54211DD2830071D3CE /* StreamReader.swift */; };
		31D59A57211DD2830071D3CE /* StreamWriter.swift in Sources */ = {isa = PBXBuildFile; fileRef = 31D59A55211DD2830071D3CE /* StreamWriter.swift */; };
		31D59A5A211DD2910071D3CE /* AstroBase.swift in Sources */ = {isa = PBXBuildFile; fileRef = 31D59A59211DD2910071D3CE /* AstroBase.swift */; };
		31D59A74211DD2AC0071D3CE /* Random.swift in Sources */ = {isa = PBXBuildFile; fileRef = 31D59A65211DD2AC0071D3CE /* Random.swift */; };
		31D59A75211DD2AC0071D3CE /* VectorStatistics.swift in Sources */ = {isa = PBXBuildFile; fileRef = 31D59A66211DD2AC0071D3CE /* VectorStatistics.swift */; };
		31D59A76211DD2AC0071D3CE /* VectorArithmetic.swift in Sources */ = {isa = PBXBuildFile; fileRef = 31D59A67211DD2AC0071D3CE /* VectorArithmetic.swift */; };
		31D59A77211DD2AC0071D3CE /* MatrixTrigonometry.swift in Sources */ = {isa = PBXBuildFile; fileRef = 31D59A68211DD2AC0071D3CE /* MatrixTrigonometry.swift */; };
		31D59A78211DD2AC0071D3CE /* MatrixStatistics.swift in Sources */ = {isa = PBXBuildFile; fileRef = 31D59A69211DD2AC0071D3CE /* MatrixStatistics.swift */; };
		31D59A79211DD2AC0071D3CE /* VectorExponent.swift in Sources */ = {isa = PBXBuildFile; fileRef = 31D59A6A211DD2AC0071D3CE /* VectorExponent.swift */; };
		31D59A7A211DD2AC0071D3CE /* MatrixExponent.swift in Sources */ = {isa = PBXBuildFile; fileRef = 31D59A6B211DD2AC0071D3CE /* MatrixExponent.swift */; };
		31D59A7B211DD2AC0071D3CE /* MatrixArithmetic.swift in Sources */ = {isa = PBXBuildFile; fileRef = 31D59A6C211DD2AC0071D3CE /* MatrixArithmetic.swift */; };
		31D59A7C211DD2AC0071D3CE /* Operators.swift in Sources */ = {isa = PBXBuildFile; fileRef = 31D59A6D211DD2AC0071D3CE /* Operators.swift */; };
		31D59A7D211DD2AC0071D3CE /* Vector.swift in Sources */ = {isa = PBXBuildFile; fileRef = 31D59A6E211DD2AC0071D3CE /* Vector.swift */; };
		31D59A7E211DD2AC0071D3CE /* Util.swift in Sources */ = {isa = PBXBuildFile; fileRef = 31D59A6F211DD2AC0071D3CE /* Util.swift */; };
		31D59A7F211DD2AC0071D3CE /* Matrix.swift in Sources */ = {isa = PBXBuildFile; fileRef = 31D59A70211DD2AC0071D3CE /* Matrix.swift */; };
		31D59A80211DD2AC0071D3CE /* Numeric.swift in Sources */ = {isa = PBXBuildFile; fileRef = 31D59A71211DD2AC0071D3CE /* Numeric.swift */; };
		31D59A81211DD2AC0071D3CE /* VectorTrigonometry.swift in Sources */ = {isa = PBXBuildFile; fileRef = 31D59A72211DD2AC0071D3CE /* VectorTrigonometry.swift */; };
		31D59A82211DD2AC0071D3CE /* MatrixAlgebra.swift in Sources */ = {isa = PBXBuildFile; fileRef = 31D59A73211DD2AC0071D3CE /* MatrixAlgebra.swift */; };
		31D59A8D211DD2CA0071D3CE /* MOSunPosition.swift in Sources */ = {isa = PBXBuildFile; fileRef = 31D59A83211DD2C90071D3CE /* MOSunPosition.swift */; };
		31D59A8E211DD2CA0071D3CE /* AsteroidElement.swift in Sources */ = {isa = PBXBuildFile; fileRef = 31D59A84211DD2C90071D3CE /* AsteroidElement.swift */; };
		31D59A8F211DD2CA0071D3CE /* Kepler.swift in Sources */ = {isa = PBXBuildFile; fileRef = 31D59A85211DD2C90071D3CE /* Kepler.swift */; };
		31D59A90211DD2CA0071D3CE /* MOVSOP87.swift in Sources */ = {isa = PBXBuildFile; fileRef = 31D59A86211DD2C90071D3CE /* MOVSOP87.swift */; };
		31D59A91211DD2CA0071D3CE /* MOPerturbation.swift in Sources */ = {isa = PBXBuildFile; fileRef = 31D59A87211DD2CA0071D3CE /* MOPerturbation.swift */; };
		31D59A92211DD2CA0071D3CE /* MOStar.swift in Sources */ = {isa = PBXBuildFile; fileRef = 31D59A88211DD2CA0071D3CE /* MOStar.swift */; };
		31D59A93211DD2CA0071D3CE /* JPLHorizon.swift in Sources */ = {isa = PBXBuildFile; fileRef = 31D59A89211DD2CA0071D3CE /* JPLHorizon.swift */; };
		31D59A94211DD2CA0071D3CE /* MOData.swift in Sources */ = {isa = PBXBuildFile; fileRef = 31D59A8A211DD2CA0071D3CE /* MOData.swift */; };
		31D59A95211DD2CA0071D3CE /* Asteroid.swift in Sources */ = {isa = PBXBuildFile; fileRef = 31D59A8B211DD2CA0071D3CE /* Asteroid.swift */; };
		31D59A96211DD2CA0071D3CE /* prova.txt in Resources */ = {isa = PBXBuildFile; fileRef = 31D59A8C211DD2CA0071D3CE /* prova.txt */; };
		31D59A98211DFB4C0071D3CE /* DefaultConfig.swift in Sources */ = {isa = PBXBuildFile; fileRef = 31D59A97211DFB4C0071D3CE /* DefaultConfig.swift */; };
		31D59A9A211DFC820071D3CE /* AtStartForTest.swift in Sources */ = {isa = PBXBuildFile; fileRef = 31D59A99211DFC820071D3CE /* AtStartForTest.swift */; };
		31D59FF3211F14610071D3CE /* unxp2000.405 in Resources */ = {isa = PBXBuildFile; fileRef = 31D59FF2211F14600071D3CE /* unxp2000.405 */; };
		31D5A00F211F46A80071D3CE /* jpl_eph.c in Sources */ = {isa = PBXBuildFile; fileRef = 31D5A00E211F46A80071D3CE /* jpl_eph.c */; };
		31D5A06E211F50D80071D3CE /* JPLDE.swift in Sources */ = {isa = PBXBuildFile; fileRef = 31D5A06D211F50D80071D3CE /* JPLDE.swift */; };
		31D5A0862120B4A70071D3CE /* MPCAsteroid.swift in Sources */ = {isa = PBXBuildFile; fileRef = 31D5A0852120B4A70071D3CE /* MPCAsteroid.swift */; };
		31D5A08B2120CEA40071D3CE /* AsteroidIO.swift in Sources */ = {isa = PBXBuildFile; fileRef = 31D5A08A2120CEA40071D3CE /* AsteroidIO.swift */; };
		31D5A08D2120DF670071D3CE /* MPCORBRead.swift in Sources */ = {isa = PBXBuildFile; fileRef = 31D5A08C2120DF670071D3CE /* MPCORBRead.swift */; };
		31D5A08F2120E7050071D3CE /* MPCOrb.swift in Sources */ = {isa = PBXBuildFile; fileRef = 31D5A08E2120E7050071D3CE /* MPCOrb.swift */; };
		31D5A09121218C830071D3CE /* mpcorb_extended.json in Resources */ = {isa = PBXBuildFile; fileRef = 31D5A09021218C820071D3CE /* mpcorb_extended.json */; };
		31D5A0A12122D6540071D3CE /* NetworkExtension.framework in Frameworks */ = {isa = PBXBuildFile; fileRef = 31D5A0A02122D6540071D3CE /* NetworkExtension.framework */; };
		31D5A0B7212330B40071D3CE /* AsteroidXYZPosition.swift in Sources */ = {isa = PBXBuildFile; fileRef = 31D5A0B6212330B40071D3CE /* AsteroidXYZPosition.swift */; };
		31D5A0EE2125ABD50071D3CE /* ChebyshevCoeff.swift in Sources */ = {isa = PBXBuildFile; fileRef = 31D5A0ED2125ABD50071D3CE /* ChebyshevCoeff.swift */; };
/* End PBXBuildFile section */

/* Begin PBXContainerItemProxy section */
		31D59A37211DC7070071D3CE /* PBXContainerItemProxy */ = {
			isa = PBXContainerItemProxy;
			containerPortal = 31D59A1C211DC7050071D3CE /* Project object */;
			proxyType = 1;
			remoteGlobalIDString = 31D59A23211DC7050071D3CE;
			remoteInfo = Occult;
		};
		31D59A42211DC7070071D3CE /* PBXContainerItemProxy */ = {
			isa = PBXContainerItemProxy;
			containerPortal = 31D59A1C211DC7050071D3CE /* Project object */;
			proxyType = 1;
			remoteGlobalIDString = 31D59A23211DC7050071D3CE;
			remoteInfo = Occult;
		};
/* End PBXContainerItemProxy section */

/* Begin PBXFileReference section */
		3104DDD3212F0F6E0060A003 /* KepElements.swift */ = {isa = PBXFileReference; lastKnownFileType = sourcecode.swift; path = KepElements.swift; sourceTree = "<group>"; };
		3104DDD5212F0FD80060A003 /* kepcart.h */ = {isa = PBXFileReference; fileEncoding = 4; lastKnownFileType = sourcecode.c.h; path = kepcart.h; sourceTree = "<group>"; };
		3104DDD6212F0FD80060A003 /* kepcart.c */ = {isa = PBXFileReference; fileEncoding = 4; lastKnownFileType = sourcecode.c.c; path = kepcart.c; sourceTree = "<group>"; };
		3126FDF0213AE06C0051A82E /* DE_Ephemeris.bin */ = {isa = PBXFileReference; lastKnownFileType = archive.macbinary; name = DE_Ephemeris.bin; path = ../../../../../Desktop/DE_Ephemeris.bin; sourceTree = "<group>"; };
		31779E58212F5BDB005752BC /* Spherical.swift */ = {isa = PBXFileReference; lastKnownFileType = sourcecode.swift; path = Spherical.swift; sourceTree = "<group>"; };
		31779E5C212FDFA5005752BC /* CLLocation+Transform.swift */ = {isa = PBXFileReference; fileEncoding = 4; lastKnownFileType = sourcecode.swift; path = "CLLocation+Transform.swift"; sourceTree = "<group>"; };
		31779E5D212FDFA5005752BC /* JulianDay.swift */ = {isa = PBXFileReference; fileEncoding = 4; lastKnownFileType = sourcecode.swift; path = JulianDay.swift; sourceTree = "<group>"; };
		31779E5E212FDFA5005752BC /* EclipticUtil.swift */ = {isa = PBXFileReference; fileEncoding = 4; lastKnownFileType = sourcecode.swift; path = EclipticUtil.swift; sourceTree = "<group>"; };
		31779E60212FDFA5005752BC /* EclipticCoordinate.swift */ = {isa = PBXFileReference; fileEncoding = 4; lastKnownFileType = sourcecode.swift; path = EclipticCoordinate.swift; sourceTree = "<group>"; };
		31779E61212FDFA5005752BC /* HorizontalCoordinate.swift */ = {isa = PBXFileReference; fileEncoding = 4; lastKnownFileType = sourcecode.swift; path = HorizontalCoordinate.swift; sourceTree = "<group>"; };
		31779E62212FDFA5005752BC /* LocationAndTime.swift */ = {isa = PBXFileReference; fileEncoding = 4; lastKnownFileType = sourcecode.swift; path = LocationAndTime.swift; sourceTree = "<group>"; };
		31779E63212FDFA5005752BC /* Info.plist */ = {isa = PBXFileReference; fileEncoding = 4; lastKnownFileType = text.plist.xml; path = Info.plist; sourceTree = "<group>"; };
		31779E64212FDFA5005752BC /* EquatorialCoordinate.swift */ = {isa = PBXFileReference; fileEncoding = 4; lastKnownFileType = sourcecode.swift; path = EquatorialCoordinate.swift; sourceTree = "<group>"; };
		31779E65212FDFA5005752BC /* SiderealTime.swift */ = {isa = PBXFileReference; fileEncoding = 4; lastKnownFileType = sourcecode.swift; path = SiderealTime.swift; sourceTree = "<group>"; };
		31779E67212FDFA5005752BC /* CGVector+Util.swift */ = {isa = PBXFileReference; fileEncoding = 4; lastKnownFileType = sourcecode.swift; path = "CGVector+Util.swift"; sourceTree = "<group>"; };
		31779E68212FDFA5005752BC /* AngleMath.swift */ = {isa = PBXFileReference; fileEncoding = 4; lastKnownFileType = sourcecode.swift; path = AngleMath.swift; sourceTree = "<group>"; };
		31779E69212FDFA5005752BC /* Angle.swift */ = {isa = PBXFileReference; fileEncoding = 4; lastKnownFileType = sourcecode.swift; path = Angle.swift; sourceTree = "<group>"; };
		31779E6A212FDFA5005752BC /* SphericalMath.swift */ = {isa = PBXFileReference; fileEncoding = 4; lastKnownFileType = sourcecode.swift; path = SphericalMath.swift; sourceTree = "<group>"; };
		31779E6B212FDFA5005752BC /* CompoundAngle.swift */ = {isa = PBXFileReference; fileEncoding = 4; lastKnownFileType = sourcecode.swift; path = CompoundAngle.swift; sourceTree = "<group>"; };
		31779E6C212FDFA5005752BC /* Easing.swift */ = {isa = PBXFileReference; fileEncoding = 4; lastKnownFileType = sourcecode.swift; path = Easing.swift; sourceTree = "<group>"; };
		31779E6E212FDFA5005752BC /* CompoundUnit.swift */ = {isa = PBXFileReference; fileEncoding = 4; lastKnownFileType = sourcecode.swift; path = CompoundUnit.swift; sourceTree = "<group>"; };
		31779E6F212FDFA5005752BC /* Double+Util.swift */ = {isa = PBXFileReference; fileEncoding = 4; lastKnownFileType = sourcecode.swift; path = "Double+Util.swift"; sourceTree = "<group>"; };
		31779E70212FDFA5005752BC /* Intersection.swift */ = {isa = PBXFileReference; fileEncoding = 4; lastKnownFileType = sourcecode.swift; path = Intersection.swift; sourceTree = "<group>"; };
		31779E71212FDFA5005752BC /* DegreeAngle.swift */ = {isa = PBXFileReference; fileEncoding = 4; lastKnownFileType = sourcecode.swift; path = DegreeAngle.swift; sourceTree = "<group>"; };
		31779E72212FDFA5005752BC /* VectorMath.swift */ = {isa = PBXFileReference; fileEncoding = 4; lastKnownFileType = sourcecode.swift; path = VectorMath.swift; sourceTree = "<group>"; };
		31779E73212FDFA5005752BC /* HourAngle.swift */ = {isa = PBXFileReference; fileEncoding = 4; lastKnownFileType = sourcecode.swift; path = HourAngle.swift; sourceTree = "<group>"; };
		31779E74212FDFA5005752BC /* MathUtil.h */ = {isa = PBXFileReference; fileEncoding = 4; lastKnownFileType = sourcecode.c.h; path = MathUtil.h; sourceTree = "<group>"; };
		31779E75212FDFA5005752BC /* RadianAngle.swift */ = {isa = PBXFileReference; fileEncoding = 4; lastKnownFileType = sourcecode.swift; path = RadianAngle.swift; sourceTree = "<group>"; };
		31779E78212FDFA5005752BC /* Info.plist */ = {isa = PBXFileReference; fileEncoding = 4; lastKnownFileType = text.plist.xml; path = Info.plist; sourceTree = "<group>"; };
		31779E9D21320EBB005752BC /* Chebyshev.swift */ = {isa = PBXFileReference; lastKnownFileType = sourcecode.swift; path = Chebyshev.swift; sourceTree = "<group>"; };
		31779E9F21320ECB005752BC /* ChebyshevCalc.swift */ = {isa = PBXFileReference; lastKnownFileType = sourcecode.swift; path = ChebyshevCalc.swift; sourceTree = "<group>"; };
		31779EA42133F464005752BC /* Elements.swift */ = {isa = PBXFileReference; lastKnownFileType = sourcecode.swift; path = Elements.swift; sourceTree = "<group>"; };
		31779EA621342EB5005752BC /* Coeff.swift */ = {isa = PBXFileReference; lastKnownFileType = sourcecode.swift; path = Coeff.swift; sourceTree = "<group>"; };
		317B14A8213815E300BEB89F /* AstDys2.swift */ = {isa = PBXFileReference; lastKnownFileType = sourcecode.swift; path = AstDys2.swift; sourceTree = "<group>"; };
		31D59A24211DC7050071D3CE /* Occult.app */ = {isa = PBXFileReference; explicitFileType = wrapper.application; includeInIndex = 0; path = Occult.app; sourceTree = BUILT_PRODUCTS_DIR; };
		31D59A27211DC7050071D3CE /* a.swift */ = {isa = PBXFileReference; lastKnownFileType = sourcecode.swift; path = a.swift; sourceTree = "<group>"; };
		31D59A29211DC7050071D3CE /* ViewController.swift */ = {isa = PBXFileReference; lastKnownFileType = sourcecode.swift; path = ViewController.swift; sourceTree = "<group>"; };
		31D59A2B211DC7060071D3CE /* Assets.xcassets */ = {isa = PBXFileReference; lastKnownFileType = folder.assetcatalog; path = Assets.xcassets; sourceTree = "<group>"; };
		31D59A2E211DC7060071D3CE /* Base */ = {isa = PBXFileReference; lastKnownFileType = file.storyboard; name = Base; path = Base.lproj/Main.storyboard; sourceTree = "<group>"; };
		31D59A30211DC7060071D3CE /* Info.plist */ = {isa = PBXFileReference; lastKnownFileType = text.plist.xml; path = Info.plist; sourceTree = "<group>"; };
		31D59A31211DC7060071D3CE /* Occult.entitlements */ = {isa = PBXFileReference; lastKnownFileType = text.plist.entitlements; path = Occult.entitlements; sourceTree = "<group>"; };
		31D59A36211DC7070071D3CE /* OccultTests.xctest */ = {isa = PBXFileReference; explicitFileType = wrapper.cfbundle; includeInIndex = 0; path = OccultTests.xctest; sourceTree = BUILT_PRODUCTS_DIR; };
		31D59A3A211DC7070071D3CE /* OccultTests.swift */ = {isa = PBXFileReference; lastKnownFileType = sourcecode.swift; path = OccultTests.swift; sourceTree = "<group>"; };
		31D59A3C211DC7070071D3CE /* Info.plist */ = {isa = PBXFileReference; lastKnownFileType = text.plist.xml; path = Info.plist; sourceTree = "<group>"; };
		31D59A41211DC7070071D3CE /* OccultUITests.xctest */ = {isa = PBXFileReference; explicitFileType = wrapper.cfbundle; includeInIndex = 0; path = OccultUITests.xctest; sourceTree = BUILT_PRODUCTS_DIR; };
		31D59A45211DC7070071D3CE /* OccultUITests.swift */ = {isa = PBXFileReference; lastKnownFileType = sourcecode.swift; path = OccultUITests.swift; sourceTree = "<group>"; };
		31D59A47211DC7070071D3CE /* Info.plist */ = {isa = PBXFileReference; lastKnownFileType = text.plist.xml; path = Info.plist; sourceTree = "<group>"; };
		31D59A54211DD2830071D3CE /* StreamReader.swift */ = {isa = PBXFileReference; fileEncoding = 4; lastKnownFileType = sourcecode.swift; path = StreamReader.swift; sourceTree = "<group>"; };
		31D59A55211DD2830071D3CE /* StreamWriter.swift */ = {isa = PBXFileReference; fileEncoding = 4; lastKnownFileType = sourcecode.swift; path = StreamWriter.swift; sourceTree = "<group>"; };
		31D59A59211DD2910071D3CE /* AstroBase.swift */ = {isa = PBXFileReference; fileEncoding = 4; lastKnownFileType = sourcecode.swift; path = AstroBase.swift; sourceTree = "<group>"; };
		31D59A65211DD2AC0071D3CE /* Random.swift */ = {isa = PBXFileReference; fileEncoding = 4; lastKnownFileType = sourcecode.swift; path = Random.swift; sourceTree = "<group>"; };
		31D59A66211DD2AC0071D3CE /* VectorStatistics.swift */ = {isa = PBXFileReference; fileEncoding = 4; lastKnownFileType = sourcecode.swift; path = VectorStatistics.swift; sourceTree = "<group>"; };
		31D59A67211DD2AC0071D3CE /* VectorArithmetic.swift */ = {isa = PBXFileReference; fileEncoding = 4; lastKnownFileType = sourcecode.swift; path = VectorArithmetic.swift; sourceTree = "<group>"; };
		31D59A68211DD2AC0071D3CE /* MatrixTrigonometry.swift */ = {isa = PBXFileReference; fileEncoding = 4; lastKnownFileType = sourcecode.swift; path = MatrixTrigonometry.swift; sourceTree = "<group>"; };
		31D59A69211DD2AC0071D3CE /* MatrixStatistics.swift */ = {isa = PBXFileReference; fileEncoding = 4; lastKnownFileType = sourcecode.swift; path = MatrixStatistics.swift; sourceTree = "<group>"; };
		31D59A6A211DD2AC0071D3CE /* VectorExponent.swift */ = {isa = PBXFileReference; fileEncoding = 4; lastKnownFileType = sourcecode.swift; path = VectorExponent.swift; sourceTree = "<group>"; };
		31D59A6B211DD2AC0071D3CE /* MatrixExponent.swift */ = {isa = PBXFileReference; fileEncoding = 4; lastKnownFileType = sourcecode.swift; path = MatrixExponent.swift; sourceTree = "<group>"; };
		31D59A6C211DD2AC0071D3CE /* MatrixArithmetic.swift */ = {isa = PBXFileReference; fileEncoding = 4; lastKnownFileType = sourcecode.swift; path = MatrixArithmetic.swift; sourceTree = "<group>"; };
		31D59A6D211DD2AC0071D3CE /* Operators.swift */ = {isa = PBXFileReference; fileEncoding = 4; lastKnownFileType = sourcecode.swift; path = Operators.swift; sourceTree = "<group>"; };
		31D59A6E211DD2AC0071D3CE /* Vector.swift */ = {isa = PBXFileReference; fileEncoding = 4; lastKnownFileType = sourcecode.swift; path = Vector.swift; sourceTree = "<group>"; };
		31D59A6F211DD2AC0071D3CE /* Util.swift */ = {isa = PBXFileReference; fileEncoding = 4; lastKnownFileType = sourcecode.swift; path = Util.swift; sourceTree = "<group>"; };
		31D59A70211DD2AC0071D3CE /* Matrix.swift */ = {isa = PBXFileReference; fileEncoding = 4; lastKnownFileType = sourcecode.swift; path = Matrix.swift; sourceTree = "<group>"; };
		31D59A71211DD2AC0071D3CE /* Numeric.swift */ = {isa = PBXFileReference; fileEncoding = 4; lastKnownFileType = sourcecode.swift; path = Numeric.swift; sourceTree = "<group>"; };
		31D59A72211DD2AC0071D3CE /* VectorTrigonometry.swift */ = {isa = PBXFileReference; fileEncoding = 4; lastKnownFileType = sourcecode.swift; path = VectorTrigonometry.swift; sourceTree = "<group>"; };
		31D59A73211DD2AC0071D3CE /* MatrixAlgebra.swift */ = {isa = PBXFileReference; fileEncoding = 4; lastKnownFileType = sourcecode.swift; path = MatrixAlgebra.swift; sourceTree = "<group>"; };
		31D59A83211DD2C90071D3CE /* MOSunPosition.swift */ = {isa = PBXFileReference; fileEncoding = 4; lastKnownFileType = sourcecode.swift; path = MOSunPosition.swift; sourceTree = "<group>"; };
		31D59A84211DD2C90071D3CE /* AsteroidElement.swift */ = {isa = PBXFileReference; fileEncoding = 4; lastKnownFileType = sourcecode.swift; path = AsteroidElement.swift; sourceTree = "<group>"; };
		31D59A85211DD2C90071D3CE /* Kepler.swift */ = {isa = PBXFileReference; fileEncoding = 4; lastKnownFileType = sourcecode.swift; path = Kepler.swift; sourceTree = "<group>"; };
		31D59A86211DD2C90071D3CE /* MOVSOP87.swift */ = {isa = PBXFileReference; fileEncoding = 4; lastKnownFileType = sourcecode.swift; path = MOVSOP87.swift; sourceTree = "<group>"; };
		31D59A87211DD2CA0071D3CE /* MOPerturbation.swift */ = {isa = PBXFileReference; fileEncoding = 4; lastKnownFileType = sourcecode.swift; path = MOPerturbation.swift; sourceTree = "<group>"; };
		31D59A88211DD2CA0071D3CE /* MOStar.swift */ = {isa = PBXFileReference; fileEncoding = 4; lastKnownFileType = sourcecode.swift; path = MOStar.swift; sourceTree = "<group>"; };
		31D59A89211DD2CA0071D3CE /* JPLHorizon.swift */ = {isa = PBXFileReference; fileEncoding = 4; lastKnownFileType = sourcecode.swift; path = JPLHorizon.swift; sourceTree = "<group>"; };
		31D59A8A211DD2CA0071D3CE /* MOData.swift */ = {isa = PBXFileReference; fileEncoding = 4; lastKnownFileType = sourcecode.swift; path = MOData.swift; sourceTree = "<group>"; };
		31D59A8B211DD2CA0071D3CE /* Asteroid.swift */ = {isa = PBXFileReference; fileEncoding = 4; lastKnownFileType = sourcecode.swift; path = Asteroid.swift; sourceTree = "<group>"; };
		31D59A8C211DD2CA0071D3CE /* prova.txt */ = {isa = PBXFileReference; fileEncoding = 4; lastKnownFileType = text; path = prova.txt; sourceTree = "<group>"; };
		31D59A97211DFB4C0071D3CE /* DefaultConfig.swift */ = {isa = PBXFileReference; lastKnownFileType = sourcecode.swift; path = DefaultConfig.swift; sourceTree = "<group>"; };
		31D59A99211DFC820071D3CE /* AtStartForTest.swift */ = {isa = PBXFileReference; lastKnownFileType = sourcecode.swift; path = AtStartForTest.swift; sourceTree = "<group>"; };
		31D59FF2211F14600071D3CE /* unxp2000.405 */ = {isa = PBXFileReference; fileEncoding = 4; lastKnownFileType = text; path = unxp2000.405; sourceTree = "<group>"; };
		31D5A00C211F46A70071D3CE /* Occult-Bridging-Header.h */ = {isa = PBXFileReference; lastKnownFileType = sourcecode.c.h; path = "Occult-Bridging-Header.h"; sourceTree = "<group>"; };
		31D5A00D211F46A80071D3CE /* jpl_eph.h */ = {isa = PBXFileReference; lastKnownFileType = sourcecode.c.h; path = jpl_eph.h; sourceTree = "<group>"; };
		31D5A00E211F46A80071D3CE /* jpl_eph.c */ = {isa = PBXFileReference; lastKnownFileType = sourcecode.c.c; path = jpl_eph.c; sourceTree = "<group>"; };
		31D5A010211F47E80071D3CE /* jpl_int.h */ = {isa = PBXFileReference; lastKnownFileType = sourcecode.c.h; path = jpl_int.h; sourceTree = "<group>"; };
		31D5A06D211F50D80071D3CE /* JPLDE.swift */ = {isa = PBXFileReference; lastKnownFileType = sourcecode.swift; path = JPLDE.swift; sourceTree = "<group>"; };
		31D5A0852120B4A70071D3CE /* MPCAsteroid.swift */ = {isa = PBXFileReference; lastKnownFileType = sourcecode.swift; path = MPCAsteroid.swift; sourceTree = "<group>"; };
		31D5A08A2120CEA40071D3CE /* AsteroidIO.swift */ = {isa = PBXFileReference; lastKnownFileType = sourcecode.swift; path = AsteroidIO.swift; sourceTree = "<group>"; };
		31D5A08C2120DF670071D3CE /* MPCORBRead.swift */ = {isa = PBXFileReference; lastKnownFileType = sourcecode.swift; path = MPCORBRead.swift; sourceTree = "<group>"; };
		31D5A08E2120E7050071D3CE /* MPCOrb.swift */ = {isa = PBXFileReference; lastKnownFileType = sourcecode.swift; path = MPCOrb.swift; sourceTree = "<group>"; };
		31D5A09021218C820071D3CE /* mpcorb_extended.json */ = {isa = PBXFileReference; fileEncoding = 4; lastKnownFileType = text.json; path = mpcorb_extended.json; sourceTree = "<group>"; };
		31D5A0A02122D6540071D3CE /* NetworkExtension.framework */ = {isa = PBXFileReference; lastKnownFileType = wrapper.framework; name = NetworkExtension.framework; path = System/Library/Frameworks/NetworkExtension.framework; sourceTree = SDKROOT; };
		31D5A0B5212327A10071D3CE /* test */ = {isa = PBXFileReference; lastKnownFileType = text; path = test; sourceTree = "<group>"; };
		31D5A0B6212330B40071D3CE /* AsteroidXYZPosition.swift */ = {isa = PBXFileReference; lastKnownFileType = sourcecode.swift; path = AsteroidXYZPosition.swift; sourceTree = "<group>"; };
		31D5A0ED2125ABD50071D3CE /* ChebyshevCoeff.swift */ = {isa = PBXFileReference; lastKnownFileType = sourcecode.swift; path = ChebyshevCoeff.swift; sourceTree = "<group>"; };
/* End PBXFileReference section */

/* Begin PBXFrameworksBuildPhase section */
		31D59A21211DC7050071D3CE /* Frameworks */ = {
			isa = PBXFrameworksBuildPhase;
			buildActionMask = 2147483647;
			files = (
				31D5A0A12122D6540071D3CE /* NetworkExtension.framework in Frameworks */,
			);
			runOnlyForDeploymentPostprocessing = 0;
		};
		31D59A33211DC7070071D3CE /* Frameworks */ = {
			isa = PBXFrameworksBuildPhase;
			buildActionMask = 2147483647;
			files = (
			);
			runOnlyForDeploymentPostprocessing = 0;
		};
		31D59A3E211DC7070071D3CE /* Frameworks */ = {
			isa = PBXFrameworksBuildPhase;
			buildActionMask = 2147483647;
			files = (
			);
			runOnlyForDeploymentPostprocessing = 0;
		};
/* End PBXFrameworksBuildPhase section */

/* Begin PBXGroup section */
		31779E5A212FDF91005752BC /* SpaceTimeFramework */ = {
			isa = PBXGroup;
			children = (
				31779E66212FDFA5005752BC /* MathUtil */,
				31779E5B212FDFA5005752BC /* SpaceTime */,
			);
			path = SpaceTimeFramework;
			sourceTree = "<group>";
		};
		31779E5B212FDFA5005752BC /* SpaceTime */ = {
			isa = PBXGroup;
			children = (
				31779E5C212FDFA5005752BC /* CLLocation+Transform.swift */,
				31779E5D212FDFA5005752BC /* JulianDay.swift */,
				31779E5E212FDFA5005752BC /* EclipticUtil.swift */,
				31779E60212FDFA5005752BC /* EclipticCoordinate.swift */,
				31779E61212FDFA5005752BC /* HorizontalCoordinate.swift */,
				31779E62212FDFA5005752BC /* LocationAndTime.swift */,
				31779E63212FDFA5005752BC /* Info.plist */,
				31779E64212FDFA5005752BC /* EquatorialCoordinate.swift */,
				31779E65212FDFA5005752BC /* SiderealTime.swift */,
			);
			path = SpaceTime;
			sourceTree = "<group>";
		};
		31779E66212FDFA5005752BC /* MathUtil */ = {
			isa = PBXGroup;
			children = (
				31779E67212FDFA5005752BC /* CGVector+Util.swift */,
				31779E68212FDFA5005752BC /* AngleMath.swift */,
				31779E69212FDFA5005752BC /* Angle.swift */,
				31779E6A212FDFA5005752BC /* SphericalMath.swift */,
				31779E6B212FDFA5005752BC /* CompoundAngle.swift */,
				31779E6C212FDFA5005752BC /* Easing.swift */,
				31779E6E212FDFA5005752BC /* CompoundUnit.swift */,
				31779E6F212FDFA5005752BC /* Double+Util.swift */,
				31779E70212FDFA5005752BC /* Intersection.swift */,
				31779E71212FDFA5005752BC /* DegreeAngle.swift */,
				31779E72212FDFA5005752BC /* VectorMath.swift */,
				31779E73212FDFA5005752BC /* HourAngle.swift */,
				31779E74212FDFA5005752BC /* MathUtil.h */,
				31779E75212FDFA5005752BC /* RadianAngle.swift */,
				31779E78212FDFA5005752BC /* Info.plist */,
			);
			path = MathUtil;
			sourceTree = "<group>";
		};
		31779E9C21320E8C005752BC /* Chebyshev */ = {
			isa = PBXGroup;
			children = (
				31779E9D21320EBB005752BC /* Chebyshev.swift */,
				31779E9F21320ECB005752BC /* ChebyshevCalc.swift */,
			);
			path = Chebyshev;
			sourceTree = "<group>";
		};
		31D59A1B211DC7050071D3CE = {
			isa = PBXGroup;
			children = (
				31D5A0B5212327A10071D3CE /* test */,
				31D59A26211DC7050071D3CE /* Occult */,
				31D59A39211DC7070071D3CE /* OccultTests */,
				31D59A44211DC7070071D3CE /* OccultUITests */,
				31D59A25211DC7050071D3CE /* Products */,
				31D59FF0211F14600071D3CE /* data */,
				31D5A09F2122D6540071D3CE /* Frameworks */,
			);
			sourceTree = "<group>";
		};
		31D59A25211DC7050071D3CE /* Products */ = {
			isa = PBXGroup;
			children = (
				31D59A24211DC7050071D3CE /* Occult.app */,
				31D59A36211DC7070071D3CE /* OccultTests.xctest */,
				31D59A41211DC7070071D3CE /* OccultUITests.xctest */,
			);
			name = Products;
			sourceTree = "<group>";
		};
		31D59A26211DC7050071D3CE /* Occult */ = {
			isa = PBXGroup;
			children = (
				31779E9C21320E8C005752BC /* Chebyshev */,
				31779E5A212FDF91005752BC /* SpaceTimeFramework */,
				31D5A00C211F46A70071D3CE /* Occult-Bridging-Header.h */,
				31D5A0872120CE770071D3CE /* Asteroid */,
				31D59A8A211DD2CA0071D3CE /* MOData.swift */,
				31D59A87211DD2CA0071D3CE /* MOPerturbation.swift */,
				31D59A88211DD2CA0071D3CE /* MOStar.swift */,
				31D59A83211DD2C90071D3CE /* MOSunPosition.swift */,
				31D59A86211DD2C90071D3CE /* MOVSOP87.swift */,
				31D59A8C211DD2CA0071D3CE /* prova.txt */,
				31D59A64211DD2AC0071D3CE /* Math */,
				31D59A5B211DD2990071D3CE /* JPLDE */,
				31D59A58211DD2910071D3CE /* AstroBase */,
				31D59A53211DD2830071D3CE /* Stream */,
				31D59A27211DC7050071D3CE /* a.swift */,
				31D59A99211DFC820071D3CE /* AtStartForTest.swift */,
				31D59A97211DFB4C0071D3CE /* DefaultConfig.swift */,
				31D59A29211DC7050071D3CE /* ViewController.swift */,
				31D59A2B211DC7060071D3CE /* Assets.xcassets */,
				31D59A2D211DC7060071D3CE /* Main.storyboard */,
				31D59A30211DC7060071D3CE /* Info.plist */,
				31D59A31211DC7060071D3CE /* Occult.entitlements */,
			);
			path = Occult;
			sourceTree = "<group>";
		};
		31D59A39211DC7070071D3CE /* OccultTests */ = {
			isa = PBXGroup;
			children = (
				31D59A3A211DC7070071D3CE /* OccultTests.swift */,
				31D59A3C211DC7070071D3CE /* Info.plist */,
			);
			path = OccultTests;
			sourceTree = "<group>";
		};
		31D59A44211DC7070071D3CE /* OccultUITests */ = {
			isa = PBXGroup;
			children = (
				31D59A45211DC7070071D3CE /* OccultUITests.swift */,
				31D59A47211DC7070071D3CE /* Info.plist */,
			);
			path = OccultUITests;
			sourceTree = "<group>";
		};
		31D59A53211DD2830071D3CE /* Stream */ = {
			isa = PBXGroup;
			children = (
				31D59A54211DD2830071D3CE /* StreamReader.swift */,
				31D59A55211DD2830071D3CE /* StreamWriter.swift */,
			);
			path = Stream;
			sourceTree = "<group>";
		};
		31D59A58211DD2910071D3CE /* AstroBase */ = {
			isa = PBXGroup;
			children = (
				31D59A59211DD2910071D3CE /* AstroBase.swift */,
			);
			path = AstroBase;
			sourceTree = "<group>";
		};
		31D59A5B211DD2990071D3CE /* JPLDE */ = {
			isa = PBXGroup;
			children = (
				31D5A00D211F46A80071D3CE /* jpl_eph.h */,
				31D5A010211F47E80071D3CE /* jpl_int.h */,
				31D5A00E211F46A80071D3CE /* jpl_eph.c */,
				31D5A06D211F50D80071D3CE /* JPLDE.swift */,
			);
			path = JPLDE;
			sourceTree = "<group>";
		};
		31D59A64211DD2AC0071D3CE /* Math */ = {
			isa = PBXGroup;
			children = (
				31D59A65211DD2AC0071D3CE /* Random.swift */,
				31D59A66211DD2AC0071D3CE /* VectorStatistics.swift */,
				31D59A67211DD2AC0071D3CE /* VectorArithmetic.swift */,
				31D59A68211DD2AC0071D3CE /* MatrixTrigonometry.swift */,
				31D59A69211DD2AC0071D3CE /* MatrixStatistics.swift */,
				31D59A6A211DD2AC0071D3CE /* VectorExponent.swift */,
				31D59A6B211DD2AC0071D3CE /* MatrixExponent.swift */,
				31D59A6C211DD2AC0071D3CE /* MatrixArithmetic.swift */,
				31D59A6D211DD2AC0071D3CE /* Operators.swift */,
				31D59A6E211DD2AC0071D3CE /* Vector.swift */,
				31D59A6F211DD2AC0071D3CE /* Util.swift */,
				31D59A70211DD2AC0071D3CE /* Matrix.swift */,
				31D59A71211DD2AC0071D3CE /* Numeric.swift */,
				31D59A72211DD2AC0071D3CE /* VectorTrigonometry.swift */,
				31D59A73211DD2AC0071D3CE /* MatrixAlgebra.swift */,
				31779E58212F5BDB005752BC /* Spherical.swift */,
			);
			path = Math;
			sourceTree = "<group>";
		};
		31D59FF0211F14600071D3CE /* data */ = {
			isa = PBXGroup;
			children = (
				31D5A09021218C820071D3CE /* mpcorb_extended.json */,
				3126FDF0213AE06C0051A82E /* DE_Ephemeris.bin */,
				31D59FF1211F14600071D3CE /* JPLDE */,
			);
			path = data;
			sourceTree = "<group>";
		};
		31D59FF1211F14600071D3CE /* JPLDE */ = {
			isa = PBXGroup;
			children = (
				31D59FF2211F14600071D3CE /* unxp2000.405 */,
			);
			path = JPLDE;
			sourceTree = "<group>";
		};
		31D5A0872120CE770071D3CE /* Asteroid */ = {
			isa = PBXGroup;
			children = (
				31D5A0882120CE840071D3CE /* AteroidIO */,
				31D59A89211DD2CA0071D3CE /* JPLHorizon.swift */,
				31779EA42133F464005752BC /* Elements.swift */,
				31779EA621342EB5005752BC /* Coeff.swift */,
				3104DDD6212F0FD80060A003 /* kepcart.c */,
				3104DDD5212F0FD80060A003 /* kepcart.h */,
				3104DDD3212F0F6E0060A003 /* KepElements.swift */,
				31D59A84211DD2C90071D3CE /* AsteroidElement.swift */,
				31D5A0B6212330B40071D3CE /* AsteroidXYZPosition.swift */,
				31D59A8B211DD2CA0071D3CE /* Asteroid.swift */,
				31D59A85211DD2C90071D3CE /* Kepler.swift */,
				31D5A0ED2125ABD50071D3CE /* ChebyshevCoeff.swift */,
				317B14A8213815E300BEB89F /* AstDys2.swift */,
			);
			path = Asteroid;
			sourceTree = "<group>";
		};
		31D5A0882120CE840071D3CE /* AteroidIO */ = {
			isa = PBXGroup;
			children = (
				31D5A08E2120E7050071D3CE /* MPCOrb.swift */,
				31D5A08A2120CEA40071D3CE /* AsteroidIO.swift */,
				31D5A08C2120DF670071D3CE /* MPCORBRead.swift */,
				31D5A0852120B4A70071D3CE /* MPCAsteroid.swift */,
			);
			path = AteroidIO;
			sourceTree = "<group>";
		};
		31D5A09F2122D6540071D3CE /* Frameworks */ = {
			isa = PBXGroup;
			children = (
				31D5A0A02122D6540071D3CE /* NetworkExtension.framework */,
			);
			name = Frameworks;
			sourceTree = "<group>";
		};
/* End PBXGroup section */

/* Begin PBXNativeTarget section */
		31D59A23211DC7050071D3CE /* Occult */ = {
			isa = PBXNativeTarget;
			buildConfigurationList = 31D59A4A211DC7070071D3CE /* Build configuration list for PBXNativeTarget "Occult" */;
			buildPhases = (
				31D59A20211DC7050071D3CE /* Sources */,
				31D59A21211DC7050071D3CE /* Frameworks */,
				31D59A22211DC7050071D3CE /* Resources */,
			);
			buildRules = (
			);
			dependencies = (
			);
			name = Occult;
			productName = Occult;
			productReference = 31D59A24211DC7050071D3CE /* Occult.app */;
			productType = "com.apple.product-type.application";
		};
		31D59A35211DC7070071D3CE /* OccultTests */ = {
			isa = PBXNativeTarget;
			buildConfigurationList = 31D59A4D211DC7070071D3CE /* Build configuration list for PBXNativeTarget "OccultTests" */;
			buildPhases = (
				31D59A32211DC7070071D3CE /* Sources */,
				31D59A33211DC7070071D3CE /* Frameworks */,
				31D59A34211DC7070071D3CE /* Resources */,
			);
			buildRules = (
			);
			dependencies = (
				31D59A38211DC7070071D3CE /* PBXTargetDependency */,
			);
			name = OccultTests;
			productName = OccultTests;
			productReference = 31D59A36211DC7070071D3CE /* OccultTests.xctest */;
			productType = "com.apple.product-type.bundle.unit-test";
		};
		31D59A40211DC7070071D3CE /* OccultUITests */ = {
			isa = PBXNativeTarget;
			buildConfigurationList = 31D59A50211DC7070071D3CE /* Build configuration list for PBXNativeTarget "OccultUITests" */;
			buildPhases = (
				31D59A3D211DC7070071D3CE /* Sources */,
				31D59A3E211DC7070071D3CE /* Frameworks */,
				31D59A3F211DC7070071D3CE /* Resources */,
			);
			buildRules = (
			);
			dependencies = (
				31D59A43211DC7070071D3CE /* PBXTargetDependency */,
			);
			name = OccultUITests;
			productName = OccultUITests;
			productReference = 31D59A41211DC7070071D3CE /* OccultUITests.xctest */;
			productType = "com.apple.product-type.bundle.ui-testing";
		};
/* End PBXNativeTarget section */

/* Begin PBXProject section */
		31D59A1C211DC7050071D3CE /* Project object */ = {
			isa = PBXProject;
			attributes = {
				LastSwiftUpdateCheck = 0940;
				LastUpgradeCheck = 0940;
				ORGANIZATIONNAME = "Michele Bigi";
				TargetAttributes = {
					31D59A23211DC7050071D3CE = {
						CreatedOnToolsVersion = 9.4.1;
						LastSwiftMigration = 0940;
						SystemCapabilities = {
							com.apple.ApplicationGroups.Mac = {
								enabled = 1;
							};
							com.apple.NetworkExtensions = {
								enabled = 1;
							};
							com.apple.Sandbox = {
								enabled = 1;
							};
							com.apple.iCloud = {
								enabled = 1;
							};
						};
					};
					31D59A35211DC7070071D3CE = {
						CreatedOnToolsVersion = 9.4.1;
						TestTargetID = 31D59A23211DC7050071D3CE;
					};
					31D59A40211DC7070071D3CE = {
						CreatedOnToolsVersion = 9.4.1;
						TestTargetID = 31D59A23211DC7050071D3CE;
					};
				};
			};
			buildConfigurationList = 31D59A1F211DC7050071D3CE /* Build configuration list for PBXProject "Occult" */;
			compatibilityVersion = "Xcode 9.3";
			developmentRegion = en;
			hasScannedForEncodings = 0;
			knownRegions = (
				en,
				Base,
			);
			mainGroup = 31D59A1B211DC7050071D3CE;
			productRefGroup = 31D59A25211DC7050071D3CE /* Products */;
			projectDirPath = "";
			projectRoot = "";
			targets = (
				31D59A23211DC7050071D3CE /* Occult */,
				31D59A35211DC7070071D3CE /* OccultTests */,
				31D59A40211DC7070071D3CE /* OccultUITests */,
			);
		};
/* End PBXProject section */

/* Begin PBXResourcesBuildPhase section */
		31D59A22211DC7050071D3CE /* Resources */ = {
			isa = PBXResourcesBuildPhase;
			buildActionMask = 2147483647;
			files = (
				31D59FF3211F14610071D3CE /* unxp2000.405 in Resources */,
				3126FDF1213AE06C0051A82E /* DE_Ephemeris.bin in Resources */,
				31D59A2C211DC7060071D3CE /* Assets.xcassets in Resources */,
				31779E7F212FDFA5005752BC /* Info.plist in Resources */,
				31D5A09121218C830071D3CE /* mpcorb_extended.json in Resources */,
				31D59A2F211DC7060071D3CE /* Main.storyboard in Resources */,
				31D59A96211DD2CA0071D3CE /* prova.txt in Resources */,
				31779E92212FDFA5005752BC /* Info.plist in Resources */,
			);
			runOnlyForDeploymentPostprocessing = 0;
		};
		31D59A34211DC7070071D3CE /* Resources */ = {
			isa = PBXResourcesBuildPhase;
			buildActionMask = 2147483647;
			files = (
			);
			runOnlyForDeploymentPostprocessing = 0;
		};
		31D59A3F211DC7070071D3CE /* Resources */ = {
			isa = PBXResourcesBuildPhase;
			buildActionMask = 2147483647;
			files = (
			);
			runOnlyForDeploymentPostprocessing = 0;
		};
/* End PBXResourcesBuildPhase section */

/* Begin PBXSourcesBuildPhase section */
		31D59A20211DC7050071D3CE /* Sources */ = {
			isa = PBXSourcesBuildPhase;
			buildActionMask = 2147483647;
			files = (
				31D59A56211DD2830071D3CE /* StreamReader.swift in Sources */,
				31779EA721342EB5005752BC /* Coeff.swift in Sources */,
				31779E7D212FDFA5005752BC /* HorizontalCoordinate.swift in Sources */,
				31D59A75211DD2AC0071D3CE /* VectorStatistics.swift in Sources */,
				31D59A7B211DD2AC0071D3CE /* MatrixArithmetic.swift in Sources */,
				31D5A08F2120E7050071D3CE /* MPCOrb.swift in Sources */,
				31D59A80211DD2AC0071D3CE /* Numeric.swift in Sources */,
				31D59A74211DD2AC0071D3CE /* Random.swift in Sources */,
				31D59A7A211DD2AC0071D3CE /* MatrixExponent.swift in Sources */,
				31779E7A212FDFA5005752BC /* JulianDay.swift in Sources */,
				31D59A7E211DD2AC0071D3CE /* Util.swift in Sources */,
				31D59A82211DD2AC0071D3CE /* MatrixAlgebra.swift in Sources */,
				31779E9E21320EBB005752BC /* Chebyshev.swift in Sources */,
				31779E7E212FDFA5005752BC /* LocationAndTime.swift in Sources */,
				31D59A91211DD2CA0071D3CE /* MOPerturbation.swift in Sources */,
				3104DDD4212F0F6E0060A003 /* KepElements.swift in Sources */,
				31779E87212FDFA5005752BC /* Easing.swift in Sources */,
				31D59A98211DFB4C0071D3CE /* DefaultConfig.swift in Sources */,
				31779E8D212FDFA5005752BC /* VectorMath.swift in Sources */,
				31779E82212FDFA5005752BC /* CGVector+Util.swift in Sources */,
				31D59A2A211DC7050071D3CE /* ViewController.swift in Sources */,
				31D5A06E211F50D80071D3CE /* JPLDE.swift in Sources */,
				31D59A8F211DD2CA0071D3CE /* Kepler.swift in Sources */,
				31779E7C212FDFA5005752BC /* EclipticCoordinate.swift in Sources */,
				31779EA021320ECB005752BC /* ChebyshevCalc.swift in Sources */,
				31D5A0B7212330B40071D3CE /* AsteroidXYZPosition.swift in Sources */,
				31779E89212FDFA5005752BC /* CompoundUnit.swift in Sources */,
				31779E84212FDFA5005752BC /* Angle.swift in Sources */,
				31D59A90211DD2CA0071D3CE /* MOVSOP87.swift in Sources */,
				31D5A0EE2125ABD50071D3CE /* ChebyshevCoeff.swift in Sources */,
				31D59A76211DD2AC0071D3CE /* VectorArithmetic.swift in Sources */,
				3104DDD7212F0FD80060A003 /* kepcart.c in Sources */,
				31D59A5A211DD2910071D3CE /* AstroBase.swift in Sources */,
				31779E59212F5BDB005752BC /* Spherical.swift in Sources */,
				31D59A79211DD2AC0071D3CE /* VectorExponent.swift in Sources */,
				31D59A93211DD2CA0071D3CE /* JPLHorizon.swift in Sources */,
				31D59A9A211DFC820071D3CE /* AtStartForTest.swift in Sources */,
				31779E8F212FDFA5005752BC /* RadianAngle.swift in Sources */,
				31D59A92211DD2CA0071D3CE /* MOStar.swift in Sources */,
				31779E8E212FDFA5005752BC /* HourAngle.swift in Sources */,
				31D5A08B2120CEA40071D3CE /* AsteroidIO.swift in Sources */,
				31D59A7F211DD2AC0071D3CE /* Matrix.swift in Sources */,
				31D59A81211DD2AC0071D3CE /* VectorTrigonometry.swift in Sources */,
				31D59A57211DD2830071D3CE /* StreamWriter.swift in Sources */,
				31D5A0862120B4A70071D3CE /* MPCAsteroid.swift in Sources */,
				31779EA52133F464005752BC /* Elements.swift in Sources */,
				31779E79212FDFA5005752BC /* CLLocation+Transform.swift in Sources */,
				31D59A8E211DD2CA0071D3CE /* AsteroidElement.swift in Sources */,
				31D5A08D2120DF670071D3CE /* MPCORBRead.swift in Sources */,
				31D5A00F211F46A80071D3CE /* jpl_eph.c in Sources */,
				317B14A9213815E300BEB89F /* AstDys2.swift in Sources */,
				31779E8C212FDFA5005752BC /* DegreeAngle.swift in Sources */,
				31D59A77211DD2AC0071D3CE /* MatrixTrigonometry.swift in Sources */,
				31D59A7D211DD2AC0071D3CE /* Vector.swift in Sources */,
				31D59A28211DC7050071D3CE /* a.swift in Sources */,
				31779E8A212FDFA5005752BC /* Double+Util.swift in Sources */,
				31779E7B212FDFA5005752BC /* EclipticUtil.swift in Sources */,
				31779E8B212FDFA5005752BC /* Intersection.swift in Sources */,
				31779E81212FDFA5005752BC /* SiderealTime.swift in Sources */,
				31D59A95211DD2CA0071D3CE /* Asteroid.swift in Sources */,
				31779E80212FDFA5005752BC /* EquatorialCoordinate.swift in Sources */,
				31779E83212FDFA5005752BC /* AngleMath.swift in Sources */,
				31779E86212FDFA5005752BC /* CompoundAngle.swift in Sources */,
				31779E85212FDFA5005752BC /* SphericalMath.swift in Sources */,
				31D59A78211DD2AC0071D3CE /* MatrixStatistics.swift in Sources */,
				31D59A94211DD2CA0071D3CE /* MOData.swift in Sources */,
				31D59A7C211DD2AC0071D3CE /* Operators.swift in Sources */,
				31D59A8D211DD2CA0071D3CE /* MOSunPosition.swift in Sources */,
			);
			runOnlyForDeploymentPostprocessing = 0;
		};
		31D59A32211DC7070071D3CE /* Sources */ = {
			isa = PBXSourcesBuildPhase;
			buildActionMask = 2147483647;
			files = (
				31D59A3B211DC7070071D3CE /* OccultTests.swift in Sources */,
			);
			runOnlyForDeploymentPostprocessing = 0;
		};
		31D59A3D211DC7070071D3CE /* Sources */ = {
			isa = PBXSourcesBuildPhase;
			buildActionMask = 2147483647;
			files = (
				31D59A46211DC7070071D3CE /* OccultUITests.swift in Sources */,
			);
			runOnlyForDeploymentPostprocessing = 0;
		};
/* End PBXSourcesBuildPhase section */

/* Begin PBXTargetDependency section */
		31D59A38211DC7070071D3CE /* PBXTargetDependency */ = {
			isa = PBXTargetDependency;
			target = 31D59A23211DC7050071D3CE /* Occult */;
			targetProxy = 31D59A37211DC7070071D3CE /* PBXContainerItemProxy */;
		};
		31D59A43211DC7070071D3CE /* PBXTargetDependency */ = {
			isa = PBXTargetDependency;
			target = 31D59A23211DC7050071D3CE /* Occult */;
			targetProxy = 31D59A42211DC7070071D3CE /* PBXContainerItemProxy */;
		};
/* End PBXTargetDependency section */

/* Begin PBXVariantGroup section */
		31D59A2D211DC7060071D3CE /* Main.storyboard */ = {
			isa = PBXVariantGroup;
			children = (
				31D59A2E211DC7060071D3CE /* Base */,
			);
			name = Main.storyboard;
			sourceTree = "<group>";
		};
/* End PBXVariantGroup section */

/* Begin XCBuildConfiguration section */
		31D59A48211DC7070071D3CE /* Debug */ = {
			isa = XCBuildConfiguration;
			buildSettings = {
				ALWAYS_SEARCH_USER_PATHS = NO;
				CLANG_ANALYZER_NONNULL = YES;
				CLANG_ANALYZER_NUMBER_OBJECT_CONVERSION = YES_AGGRESSIVE;
				CLANG_CXX_LANGUAGE_STANDARD = "gnu++14";
				CLANG_CXX_LIBRARY = "libc++";
				CLANG_ENABLE_MODULES = YES;
				CLANG_ENABLE_OBJC_ARC = YES;
				CLANG_ENABLE_OBJC_WEAK = YES;
				CLANG_WARN_BLOCK_CAPTURE_AUTORELEASING = YES;
				CLANG_WARN_BOOL_CONVERSION = YES;
				CLANG_WARN_COMMA = YES;
				CLANG_WARN_CONSTANT_CONVERSION = YES;
				CLANG_WARN_DEPRECATED_OBJC_IMPLEMENTATIONS = YES;
				CLANG_WARN_DIRECT_OBJC_ISA_USAGE = YES_ERROR;
				CLANG_WARN_DOCUMENTATION_COMMENTS = YES;
				CLANG_WARN_EMPTY_BODY = YES;
				CLANG_WARN_ENUM_CONVERSION = YES;
				CLANG_WARN_INFINITE_RECURSION = YES;
				CLANG_WARN_INT_CONVERSION = YES;
				CLANG_WARN_NON_LITERAL_NULL_CONVERSION = YES;
				CLANG_WARN_OBJC_IMPLICIT_RETAIN_SELF = YES;
				CLANG_WARN_OBJC_LITERAL_CONVERSION = YES;
				CLANG_WARN_OBJC_ROOT_CLASS = YES_ERROR;
				CLANG_WARN_RANGE_LOOP_ANALYSIS = YES;
				CLANG_WARN_STRICT_PROTOTYPES = YES;
				CLANG_WARN_SUSPICIOUS_MOVE = YES;
				CLANG_WARN_UNGUARDED_AVAILABILITY = YES_AGGRESSIVE;
				CLANG_WARN_UNREACHABLE_CODE = YES;
				CLANG_WARN__DUPLICATE_METHOD_MATCH = YES;
				CODE_SIGN_IDENTITY = "Mac Developer";
				COPY_PHASE_STRIP = NO;
				DEBUG_INFORMATION_FORMAT = dwarf;
				ENABLE_STRICT_OBJC_MSGSEND = YES;
				ENABLE_TESTABILITY = YES;
				GCC_C_LANGUAGE_STANDARD = gnu11;
				GCC_DYNAMIC_NO_PIC = NO;
				GCC_NO_COMMON_BLOCKS = YES;
				GCC_OPTIMIZATION_LEVEL = 0;
				GCC_PREPROCESSOR_DEFINITIONS = (
					"DEBUG=1",
					"$(inherited)",
				);
				GCC_WARN_64_TO_32_BIT_CONVERSION = YES;
				GCC_WARN_ABOUT_RETURN_TYPE = YES_ERROR;
				GCC_WARN_UNDECLARED_SELECTOR = YES;
				GCC_WARN_UNINITIALIZED_AUTOS = YES_AGGRESSIVE;
				GCC_WARN_UNUSED_FUNCTION = YES;
				GCC_WARN_UNUSED_VARIABLE = YES;
				MACOSX_DEPLOYMENT_TARGET = 10.13;
				MTL_ENABLE_DEBUG_INFO = YES;
				ONLY_ACTIVE_ARCH = YES;
				SDKROOT = macosx;
				SWIFT_ACTIVE_COMPILATION_CONDITIONS = DEBUG;
				SWIFT_OPTIMIZATION_LEVEL = "-Onone";
			};
			name = Debug;
		};
		31D59A49211DC7070071D3CE /* Release */ = {
			isa = XCBuildConfiguration;
			buildSettings = {
				ALWAYS_SEARCH_USER_PATHS = NO;
				CLANG_ANALYZER_NONNULL = YES;
				CLANG_ANALYZER_NUMBER_OBJECT_CONVERSION = YES_AGGRESSIVE;
				CLANG_CXX_LANGUAGE_STANDARD = "gnu++14";
				CLANG_CXX_LIBRARY = "libc++";
				CLANG_ENABLE_MODULES = YES;
				CLANG_ENABLE_OBJC_ARC = YES;
				CLANG_ENABLE_OBJC_WEAK = YES;
				CLANG_WARN_BLOCK_CAPTURE_AUTORELEASING = YES;
				CLANG_WARN_BOOL_CONVERSION = YES;
				CLANG_WARN_COMMA = YES;
				CLANG_WARN_CONSTANT_CONVERSION = YES;
				CLANG_WARN_DEPRECATED_OBJC_IMPLEMENTATIONS = YES;
				CLANG_WARN_DIRECT_OBJC_ISA_USAGE = YES_ERROR;
				CLANG_WARN_DOCUMENTATION_COMMENTS = YES;
				CLANG_WARN_EMPTY_BODY = YES;
				CLANG_WARN_ENUM_CONVERSION = YES;
				CLANG_WARN_INFINITE_RECURSION = YES;
				CLANG_WARN_INT_CONVERSION = YES;
				CLANG_WARN_NON_LITERAL_NULL_CONVERSION = YES;
				CLANG_WARN_OBJC_IMPLICIT_RETAIN_SELF = YES;
				CLANG_WARN_OBJC_LITERAL_CONVERSION = YES;
				CLANG_WARN_OBJC_ROOT_CLASS = YES_ERROR;
				CLANG_WARN_RANGE_LOOP_ANALYSIS = YES;
				CLANG_WARN_STRICT_PROTOTYPES = YES;
				CLANG_WARN_SUSPICIOUS_MOVE = YES;
				CLANG_WARN_UNGUARDED_AVAILABILITY = YES_AGGRESSIVE;
				CLANG_WARN_UNREACHABLE_CODE = YES;
				CLANG_WARN__DUPLICATE_METHOD_MATCH = YES;
				CODE_SIGN_IDENTITY = "Mac Developer";
				COPY_PHASE_STRIP = NO;
				DEBUG_INFORMATION_FORMAT = "dwarf-with-dsym";
				ENABLE_NS_ASSERTIONS = NO;
				ENABLE_STRICT_OBJC_MSGSEND = YES;
				GCC_C_LANGUAGE_STANDARD = gnu11;
				GCC_NO_COMMON_BLOCKS = YES;
				GCC_WARN_64_TO_32_BIT_CONVERSION = YES;
				GCC_WARN_ABOUT_RETURN_TYPE = YES_ERROR;
				GCC_WARN_UNDECLARED_SELECTOR = YES;
				GCC_WARN_UNINITIALIZED_AUTOS = YES_AGGRESSIVE;
				GCC_WARN_UNUSED_FUNCTION = YES;
				GCC_WARN_UNUSED_VARIABLE = YES;
				MACOSX_DEPLOYMENT_TARGET = 10.13;
				MTL_ENABLE_DEBUG_INFO = NO;
				SDKROOT = macosx;
				SWIFT_COMPILATION_MODE = wholemodule;
				SWIFT_OPTIMIZATION_LEVEL = "-O";
			};
			name = Release;
		};
		31D59A4B211DC7070071D3CE /* Debug */ = {
			isa = XCBuildConfiguration;
			buildSettings = {
				ASSETCATALOG_COMPILER_APPICON_NAME = AppIcon;
				CLANG_ENABLE_MODULES = YES;
				CODE_SIGN_ENTITLEMENTS = Occult/Occult.entitlements;
				CODE_SIGN_STYLE = Automatic;
				COMBINE_HIDPI_IMAGES = YES;
				DEVELOPMENT_TEAM = 653SB9GBDR;
				INFOPLIST_FILE = Occult/Info.plist;
				LD_RUNPATH_SEARCH_PATHS = (
					"$(inherited)",
					"@executable_path/../Frameworks",
				);
				PRODUCT_BUNDLE_IDENTIFIER = GAM.Occult;
				PRODUCT_NAME = "$(TARGET_NAME)";
				SWIFT_OBJC_BRIDGING_HEADER = "Occult/Occult-Bridging-Header.h";
				SWIFT_OPTIMIZATION_LEVEL = "-Onone";
				SWIFT_VERSION = 4.0;
			};
			name = Debug;
		};
		31D59A4C211DC7070071D3CE /* Release */ = {
			isa = XCBuildConfiguration;
			buildSettings = {
				ASSETCATALOG_COMPILER_APPICON_NAME = AppIcon;
				CLANG_ENABLE_MODULES = YES;
				CODE_SIGN_ENTITLEMENTS = Occult/Occult.entitlements;
				CODE_SIGN_STYLE = Automatic;
				COMBINE_HIDPI_IMAGES = YES;
				DEVELOPMENT_TEAM = 653SB9GBDR;
				INFOPLIST_FILE = Occult/Info.plist;
				LD_RUNPATH_SEARCH_PATHS = (
					"$(inherited)",
					"@executable_path/../Frameworks",
				);
				PRODUCT_BUNDLE_IDENTIFIER = GAM.Occult;
				PRODUCT_NAME = "$(TARGET_NAME)";
				SWIFT_OBJC_BRIDGING_HEADER = "Occult/Occult-Bridging-Header.h";
				SWIFT_VERSION = 4.0;
			};
			name = Release;
		};
		31D59A4E211DC7070071D3CE /* Debug */ = {
			isa = XCBuildConfiguration;
			buildSettings = {
				ALWAYS_EMBED_SWIFT_STANDARD_LIBRARIES = YES;
				BUNDLE_LOADER = "$(TEST_HOST)";
				CODE_SIGN_STYLE = Automatic;
				COMBINE_HIDPI_IMAGES = YES;
				DEVELOPMENT_TEAM = 653SB9GBDR;
				INFOPLIST_FILE = OccultTests/Info.plist;
				LD_RUNPATH_SEARCH_PATHS = (
					"$(inherited)",
					"@executable_path/../Frameworks",
					"@loader_path/../Frameworks",
				);
				PRODUCT_BUNDLE_IDENTIFIER = GAM.OccultTests;
				PRODUCT_NAME = "$(TARGET_NAME)";
				SWIFT_VERSION = 4.0;
				TEST_HOST = "$(BUILT_PRODUCTS_DIR)/Occult.app/Contents/MacOS/Occult";
			};
			name = Debug;
		};
		31D59A4F211DC7070071D3CE /* Release */ = {
			isa = XCBuildConfiguration;
			buildSettings = {
				ALWAYS_EMBED_SWIFT_STANDARD_LIBRARIES = YES;
				BUNDLE_LOADER = "$(TEST_HOST)";
				CODE_SIGN_STYLE = Automatic;
				COMBINE_HIDPI_IMAGES = YES;
				DEVELOPMENT_TEAM = 653SB9GBDR;
				INFOPLIST_FILE = OccultTests/Info.plist;
				LD_RUNPATH_SEARCH_PATHS = (
					"$(inherited)",
					"@executable_path/../Frameworks",
					"@loader_path/../Frameworks",
				);
				PRODUCT_BUNDLE_IDENTIFIER = GAM.OccultTests;
				PRODUCT_NAME = "$(TARGET_NAME)";
				SWIFT_VERSION = 4.0;
				TEST_HOST = "$(BUILT_PRODUCTS_DIR)/Occult.app/Contents/MacOS/Occult";
			};
			name = Release;
		};
		31D59A51211DC7070071D3CE /* Debug */ = {
			isa = XCBuildConfiguration;
			buildSettings = {
				ALWAYS_EMBED_SWIFT_STANDARD_LIBRARIES = YES;
				CODE_SIGN_STYLE = Automatic;
				COMBINE_HIDPI_IMAGES = YES;
				DEVELOPMENT_TEAM = 653SB9GBDR;
				INFOPLIST_FILE = OccultUITests/Info.plist;
				LD_RUNPATH_SEARCH_PATHS = (
					"$(inherited)",
					"@executable_path/../Frameworks",
					"@loader_path/../Frameworks",
				);
				PRODUCT_BUNDLE_IDENTIFIER = GAM.OccultUITests;
				PRODUCT_NAME = "$(TARGET_NAME)";
				SWIFT_VERSION = 4.0;
				TEST_TARGET_NAME = Occult;
			};
			name = Debug;
		};
		31D59A52211DC7070071D3CE /* Release */ = {
			isa = XCBuildConfiguration;
			buildSettings = {
				ALWAYS_EMBED_SWIFT_STANDARD_LIBRARIES = YES;
				CODE_SIGN_STYLE = Automatic;
				COMBINE_HIDPI_IMAGES = YES;
				DEVELOPMENT_TEAM = 653SB9GBDR;
				INFOPLIST_FILE = OccultUITests/Info.plist;
				LD_RUNPATH_SEARCH_PATHS = (
					"$(inherited)",
					"@executable_path/../Frameworks",
					"@loader_path/../Frameworks",
				);
				PRODUCT_BUNDLE_IDENTIFIER = GAM.OccultUITests;
				PRODUCT_NAME = "$(TARGET_NAME)";
				SWIFT_VERSION = 4.0;
				TEST_TARGET_NAME = Occult;
			};
			name = Release;
		};
/* End XCBuildConfiguration section */

/* Begin XCConfigurationList section */
		31D59A1F211DC7050071D3CE /* Build configuration list for PBXProject "Occult" */ = {
			isa = XCConfigurationList;
			buildConfigurations = (
				31D59A48211DC7070071D3CE /* Debug */,
				31D59A49211DC7070071D3CE /* Release */,
			);
			defaultConfigurationIsVisible = 0;
			defaultConfigurationName = Release;
		};
		31D59A4A211DC7070071D3CE /* Build configuration list for PBXNativeTarget "Occult" */ = {
			isa = XCConfigurationList;
			buildConfigurations = (
				31D59A4B211DC7070071D3CE /* Debug */,
				31D59A4C211DC7070071D3CE /* Release */,
			);
			defaultConfigurationIsVisible = 0;
			defaultConfigurationName = Release;
		};
		31D59A4D211DC7070071D3CE /* Build configuration list for PBXNativeTarget "OccultTests" */ = {
			isa = XCConfigurationList;
			buildConfigurations = (
				31D59A4E211DC7070071D3CE /* Debug */,
				31D59A4F211DC7070071D3CE /* Release */,
			);
			defaultConfigurationIsVisible = 0;
			defaultConfigurationName = Release;
		};
		31D59A50211DC7070071D3CE /* Build configuration list for PBXNativeTarget "OccultUITests" */ = {
			isa = XCConfigurationList;
			buildConfigurations = (
				31D59A51211DC7070071D3CE /* Debug */,
				31D59A52211DC7070071D3CE /* Release */,
			);
			defaultConfigurationIsVisible = 0;
			defaultConfigurationName = Release;
		};
/* End XCConfigurationList section */
	};
	rootObject = 31D59A1C211DC7050071D3CE /* Project object */;
}
